// !$*UTF8*$!
{
	archiveVersion = 1;
	classes = {
	};
	objectVersion = 46;
	objects = {

/* Begin PBXBuildFile section */
		6B3FCFF21F51750900F3BF75 /* AppDelegate.swift in Sources */ = {isa = PBXBuildFile; fileRef = 6B3FCFF11F51750900F3BF75 /* AppDelegate.swift */; };
		6B3FCFF41F51750900F3BF75 /* ViewController.swift in Sources */ = {isa = PBXBuildFile; fileRef = 6B3FCFF31F51750900F3BF75 /* ViewController.swift */; };
		6B3FCFF61F51750900F3BF75 /* Assets.xcassets in Resources */ = {isa = PBXBuildFile; fileRef = 6B3FCFF51F51750900F3BF75 /* Assets.xcassets */; };
		6B3FCFF91F51750900F3BF75 /* Main.storyboard in Resources */ = {isa = PBXBuildFile; fileRef = 6B3FCFF71F51750900F3BF75 /* Main.storyboard */; };
		6B3FD0041F51750900F3BF75 /* eeeTests.swift in Sources */ = {isa = PBXBuildFile; fileRef = 6B3FD0031F51750900F3BF75 /* eeeTests.swift */; };
		6B3FD00F1F51750900F3BF75 /* eeeUITests.swift in Sources */ = {isa = PBXBuildFile; fileRef = 6B3FD00E1F51750900F3BF75 /* eeeUITests.swift */; };
/* End PBXBuildFile section */

/* Begin PBXContainerItemProxy section */
		6B3FD0001F51750900F3BF75 /* PBXContainerItemProxy */ = {
			isa = PBXContainerItemProxy;
			containerPortal = 6B3FCFE61F51750900F3BF75 /* Project object */;
			proxyType = 1;
			remoteGlobalIDString = 6B3FCFED1F51750900F3BF75;
			remoteInfo = eee;
		};
		6B3FD00B1F51750900F3BF75 /* PBXContainerItemProxy */ = {
			isa = PBXContainerItemProxy;
			containerPortal = 6B3FCFE61F51750900F3BF75 /* Project object */;
			proxyType = 1;
			remoteGlobalIDString = 6B3FCFED1F51750900F3BF75;
			remoteInfo = eee;
		};
/* End PBXContainerItemProxy section */

/* Begin PBXFileReference section */
		6B3FCFEE1F51750900F3BF75 /* eee.app */ = {isa = PBXFileReference; explicitFileType = wrapper.application; includeInIndex = 0; path = eee.app; sourceTree = BUILT_PRODUCTS_DIR; };
		6B3FCFF11F51750900F3BF75 /* AppDelegate.swift */ = {isa = PBXFileReference; lastKnownFileType = sourcecode.swift; path = AppDelegate.swift; sourceTree = "<group>"; };
		6B3FCFF31F51750900F3BF75 /* ViewController.swift */ = {isa = PBXFileReference; lastKnownFileType = sourcecode.swift; path = ViewController.swift; sourceTree = "<group>"; };
		6B3FCFF51F51750900F3BF75 /* Assets.xcassets */ = {isa = PBXFileReference; lastKnownFileType = folder.assetcatalog; path = Assets.xcassets; sourceTree = "<group>"; };
		6B3FCFF81F51750900F3BF75 /* Base */ = {isa = PBXFileReference; lastKnownFileType = file.storyboard; name = Base; path = Base.lproj/Main.storyboard; sourceTree = "<group>"; };
		6B3FCFFA1F51750900F3BF75 /* Info.plist */ = {isa = PBXFileReference; lastKnownFileType = text.plist.xml; path = Info.plist; sourceTree = "<group>"; };
		6B3FCFFF1F51750900F3BF75 /* eeeTests.xctest */ = {isa = PBXFileReference; explicitFileType = wrapper.cfbundle; includeInIndex = 0; path = eeeTests.xctest; sourceTree = BUILT_PRODUCTS_DIR; };
		6B3FD0031F51750900F3BF75 /* eeeTests.swift */ = {isa = PBXFileReference; lastKnownFileType = sourcecode.swift; path = eeeTests.swift; sourceTree = "<group>"; };
		6B3FD0051F51750900F3BF75 /* Info.plist */ = {isa = PBXFileReference; lastKnownFileType = text.plist.xml; path = Info.plist; sourceTree = "<group>"; };
		6B3FD00A1F51750900F3BF75 /* eeeUITests.xctest */ = {isa = PBXFileReference; explicitFileType = wrapper.cfbundle; includeInIndex = 0; path = eeeUITests.xctest; sourceTree = BUILT_PRODUCTS_DIR; };
		6B3FD00E1F51750900F3BF75 /* eeeUITests.swift */ = {isa = PBXFileReference; lastKnownFileType = sourcecode.swift; path = eeeUITests.swift; sourceTree = "<group>"; };
		6B3FD0101F51750900F3BF75 /* Info.plist */ = {isa = PBXFileReference; lastKnownFileType = text.plist.xml; path = Info.plist; sourceTree = "<group>"; };
/* End PBXFileReference section */

/* Begin PBXFrameworksBuildPhase section */
		6B3FCFEB1F51750900F3BF75 /* Frameworks */ = {
			isa = PBXFrameworksBuildPhase;
			buildActionMask = 2147483647;
			files = (
			);
			runOnlyForDeploymentPostprocessing = 0;
		};
		6B3FCFFC1F51750900F3BF75 /* Frameworks */ = {
			isa = PBXFrameworksBuildPhase;
			buildActionMask = 2147483647;
			files = (
			);
			runOnlyForDeploymentPostprocessing = 0;
		};
		6B3FD0071F51750900F3BF75 /* Frameworks */ = {
			isa = PBXFrameworksBuildPhase;
			buildActionMask = 2147483647;
			files = (
			);
			runOnlyForDeploymentPostprocessing = 0;
		};
/* End PBXFrameworksBuildPhase section */

/* Begin PBXGroup section */
		6B3FCFE51F51750900F3BF75 = {
			isa = PBXGroup;
			children = (
				6B3FCFF01F51750900F3BF75 /* eee */,
				6B3FD0021F51750900F3BF75 /* eeeTests */,
				6B3FD00D1F51750900F3BF75 /* eeeUITests */,
				6B3FCFEF1F51750900F3BF75 /* Products */,
			);
			sourceTree = "<group>";
		};
		6B3FCFEF1F51750900F3BF75 /* Products */ = {
			isa = PBXGroup;
			children = (
				6B3FCFEE1F51750900F3BF75 /* eee.app */,
				6B3FCFFF1F51750900F3BF75 /* eeeTests.xctest */,
				6B3FD00A1F51750900F3BF75 /* eeeUITests.xctest */,
			);
			name = Products;
			sourceTree = "<group>";
		};
		6B3FCFF01F51750900F3BF75 /* eee */ = {
			isa = PBXGroup;
			children = (
				6B3FCFF11F51750900F3BF75 /* AppDelegate.swift */,
				6B3FCFF31F51750900F3BF75 /* ViewController.swift */,
				6B3FCFF51F51750900F3BF75 /* Assets.xcassets */,
				6B3FCFF71F51750900F3BF75 /* Main.storyboard */,
				6B3FCFFA1F51750900F3BF75 /* Info.plist */,
			);
			path = eee;
			sourceTree = "<group>";
		};
		6B3FD0021F51750900F3BF75 /* eeeTests */ = {
			isa = PBXGroup;
			children = (
				6B3FD0031F51750900F3BF75 /* eeeTests.swift */,
				6B3FD0051F51750900F3BF75 /* Info.plist */,
			);
			path = eeeTests;
			sourceTree = "<group>";
		};
		6B3FD00D1F51750900F3BF75 /* eeeUITests */ = {
			isa = PBXGroup;
			children = (
				6B3FD00E1F51750900F3BF75 /* eeeUITests.swift */,
				6B3FD0101F51750900F3BF75 /* Info.plist */,
			);
			path = eeeUITests;
			sourceTree = "<group>";
		};
/* End PBXGroup section */

/* Begin PBXNativeTarget section */
		6B3FCFED1F51750900F3BF75 /* eee */ = {
			isa = PBXNativeTarget;
			buildConfigurationList = 6B3FD0131F51750900F3BF75 /* Build configuration list for PBXNativeTarget "eee" */;
			buildPhases = (
				6B3FCFEA1F51750900F3BF75 /* Sources */,
				6B3FCFEB1F51750900F3BF75 /* Frameworks */,
				6B3FCFEC1F51750900F3BF75 /* Resources */,
			);
			buildRules = (
			);
			dependencies = (
			);
			name = eee;
			productName = eee;
			productReference = 6B3FCFEE1F51750900F3BF75 /* eee.app */;
			productType = "com.apple.product-type.application";
		};
		6B3FCFFE1F51750900F3BF75 /* eeeTests */ = {
			isa = PBXNativeTarget;
			buildConfigurationList = 6B3FD0161F51750900F3BF75 /* Build configuration list for PBXNativeTarget "eeeTests" */;
			buildPhases = (
				6B3FCFFB1F51750900F3BF75 /* Sources */,
				6B3FCFFC1F51750900F3BF75 /* Frameworks */,
				6B3FCFFD1F51750900F3BF75 /* Resources */,
			);
			buildRules = (
			);
			dependencies = (
				6B3FD0011F51750900F3BF75 /* PBXTargetDependency */,
			);
			name = eeeTests;
			productName = eeeTests;
			productReference = 6B3FCFFF1F51750900F3BF75 /* eeeTests.xctest */;
			productType = "com.apple.product-type.bundle.unit-test";
		};
		6B3FD0091F51750900F3BF75 /* eeeUITests */ = {
			isa = PBXNativeTarget;
			buildConfigurationList = 6B3FD0191F51750900F3BF75 /* Build configuration list for PBXNativeTarget "eeeUITests" */;
			buildPhases = (
				6B3FD0061F51750900F3BF75 /* Sources */,
				6B3FD0071F51750900F3BF75 /* Frameworks */,
				6B3FD0081F51750900F3BF75 /* Resources */,
			);
			buildRules = (
			);
			dependencies = (
				6B3FD00C1F51750900F3BF75 /* PBXTargetDependency */,
			);
			name = eeeUITests;
			productName = eeeUITests;
			productReference = 6B3FD00A1F51750900F3BF75 /* eeeUITests.xctest */;
			productType = "com.apple.product-type.bundle.ui-testing";
		};
/* End PBXNativeTarget section */

/* Begin PBXProject section */
		6B3FCFE61F51750900F3BF75 /* Project object */ = {
			isa = PBXProject;
			attributes = {
				LastSwiftUpdateCheck = 0830;
				LastUpgradeCheck = 0830;
				ORGANIZATIONNAME = "童金吕";
				TargetAttributes = {
					6B3FCFED1F51750900F3BF75 = {
						CreatedOnToolsVersion = 8.3.3;
						ProvisioningStyle = Automatic;
					};
					6B3FCFFE1F51750900F3BF75 = {
						CreatedOnToolsVersion = 8.3.3;
						ProvisioningStyle = Automatic;
						TestTargetID = 6B3FCFED1F51750900F3BF75;
					};
					6B3FD0091F51750900F3BF75 = {
						CreatedOnToolsVersion = 8.3.3;
						ProvisioningStyle = Automatic;
						TestTargetID = 6B3FCFED1F51750900F3BF75;
					};
				};
			};
			buildConfigurationList = 6B3FCFE91F51750900F3BF75 /* Build configuration list for PBXProject "eee" */;
			compatibilityVersion = "Xcode 3.2";
			developmentRegion = English;
			hasScannedForEncodings = 0;
			knownRegions = (
				en,
				Base,
			);
			mainGroup = 6B3FCFE51F51750900F3BF75;
			productRefGroup = 6B3FCFEF1F51750900F3BF75 /* Products */;
			projectDirPath = "";
			projectRoot = "";
			targets = (
				6B3FCFED1F51750900F3BF75 /* eee */,
				6B3FCFFE1F51750900F3BF75 /* eeeTests */,
				6B3FD0091F51750900F3BF75 /* eeeUITests */,
			);
		};
/* End PBXProject section */

/* Begin PBXResourcesBuildPhase section */
		6B3FCFEC1F51750900F3BF75 /* Resources */ = {
			isa = PBXResourcesBuildPhase;
			buildActionMask = 2147483647;
			files = (
				6B3FCFF61F51750900F3BF75 /* Assets.xcassets in Resources */,
				6B3FCFF91F51750900F3BF75 /* Main.storyboard in Resources */,
			);
			runOnlyForDeploymentPostprocessing = 0;
		};
		6B3FCFFD1F51750900F3BF75 /* Resources */ = {
			isa = PBXResourcesBuildPhase;
			buildActionMask = 2147483647;
			files = (
			);
			runOnlyForDeploymentPostprocessing = 0;
		};
		6B3FD0081F51750900F3BF75 /* Resources */ = {
			isa = PBXResourcesBuildPhase;
			buildActionMask = 2147483647;
			files = (
			);
			runOnlyForDeploymentPostprocessing = 0;
		};
/* End PBXResourcesBuildPhase section */

/* Begin PBXSourcesBuildPhase section */
		6B3FCFEA1F51750900F3BF75 /* Sources */ = {
			isa = PBXSourcesBuildPhase;
			buildActionMask = 2147483647;
			files = (
				6B3FCFF41F51750900F3BF75 /* ViewController.swift in Sources */,
				6B3FCFF21F51750900F3BF75 /* AppDelegate.swift in Sources */,
			);
			runOnlyForDeploymentPostprocessing = 0;
		};
		6B3FCFFB1F51750900F3BF75 /* Sources */ = {
			isa = PBXSourcesBuildPhase;
			buildActionMask = 2147483647;
			files = (
				6B3FD0041F51750900F3BF75 /* eeeTests.swift in Sources */,
			);
			runOnlyForDeploymentPostprocessing = 0;
		};
		6B3FD0061F51750900F3BF75 /* Sources */ = {
			isa = PBXSourcesBuildPhase;
			buildActionMask = 2147483647;
			files = (
				6B3FD00F1F51750900F3BF75 /* eeeUITests.swift in Sources */,
			);
			runOnlyForDeploymentPostprocessing = 0;
		};
/* End PBXSourcesBuildPhase section */

/* Begin PBXTargetDependency section */
		6B3FD0011F51750900F3BF75 /* PBXTargetDependency */ = {
			isa = PBXTargetDependency;
			target = 6B3FCFED1F51750900F3BF75 /* eee */;
			targetProxy = 6B3FD0001F51750900F3BF75 /* PBXContainerItemProxy */;
		};
		6B3FD00C1F51750900F3BF75 /* PBXTargetDependency */ = {
			isa = PBXTargetDependency;
			target = 6B3FCFED1F51750900F3BF75 /* eee */;
			targetProxy = 6B3FD00B1F51750900F3BF75 /* PBXContainerItemProxy */;
		};
/* End PBXTargetDependency section */

/* Begin PBXVariantGroup section */
		6B3FCFF71F51750900F3BF75 /* Main.storyboard */ = {
			isa = PBXVariantGroup;
			children = (
				6B3FCFF81F51750900F3BF75 /* Base */,
			);
			name = Main.storyboard;
			sourceTree = "<group>";
		};
/* End PBXVariantGroup section */

/* Begin XCBuildConfiguration section */
		6B3FD0111F51750900F3BF75 /* Debug */ = {
			isa = XCBuildConfiguration;
			buildSettings = {
				ALWAYS_SEARCH_USER_PATHS = NO;
				CLANG_ANALYZER_NONNULL = YES;
				CLANG_ANALYZER_NUMBER_OBJECT_CONVERSION = YES_AGGRESSIVE;
				CLANG_CXX_LANGUAGE_STANDARD = "gnu++0x";
				CLANG_CXX_LIBRARY = "libc++";
				CLANG_ENABLE_MODULES = YES;
				CLANG_ENABLE_OBJC_ARC = YES;
				CLANG_WARN_BOOL_CONVERSION = YES;
				CLANG_WARN_CONSTANT_CONVERSION = YES;
				CLANG_WARN_DIRECT_OBJC_ISA_USAGE = YES_ERROR;
				CLANG_WARN_DOCUMENTATION_COMMENTS = YES;
				CLANG_WARN_EMPTY_BODY = YES;
				CLANG_WARN_ENUM_CONVERSION = YES;
				CLANG_WARN_INFINITE_RECURSION = YES;
				CLANG_WARN_INT_CONVERSION = YES;
				CLANG_WARN_OBJC_ROOT_CLASS = YES_ERROR;
				CLANG_WARN_SUSPICIOUS_MOVE = YES;
				CLANG_WARN_UNREACHABLE_CODE = YES;
				CLANG_WARN__DUPLICATE_METHOD_MATCH = YES;
				CODE_SIGN_IDENTITY = "-";
				COPY_PHASE_STRIP = NO;
				DEBUG_INFORMATION_FORMAT = dwarf;
				ENABLE_STRICT_OBJC_MSGSEND = YES;
				ENABLE_TESTABILITY = YES;
				GCC_C_LANGUAGE_STANDARD = gnu99;
				GCC_DYNAMIC_NO_PIC = NO;
				GCC_NO_COMMON_BLOCKS = YES;
				GCC_OPTIMIZATION_LEVEL = 0;
				GCC_PREPROCESSOR_DEFINITIONS = (
					"DEBUG=1",
					"$(inherited)",
				);
				GCC_WARN_64_TO_32_BIT_CONVERSION = YES;
				GCC_WARN_ABOUT_RETURN_TYPE = YES_ERROR;
				GCC_WARN_UNDECLARED_SELECTOR = YES;
				GCC_WARN_UNINITIALIZED_AUTOS = YES_AGGRESSIVE;
				GCC_WARN_UNUSED_FUNCTION = YES;
				GCC_WARN_UNUSED_VARIABLE = YES;
				MACOSX_DEPLOYMENT_TARGET = 10.12;
				MTL_ENABLE_DEBUG_INFO = YES;
				ONLY_ACTIVE_ARCH = YES;
				SDKROOT = macosx;
				SWIFT_ACTIVE_COMPILATION_CONDITIONS = DEBUG;
				SWIFT_OPTIMIZATION_LEVEL = "-Onone";
			};
			name = Debug;
		};
		6B3FD0121F51750900F3BF75 /* Release */ = {
			isa = XCBuildConfiguration;
			buildSettings = {
				ALWAYS_SEARCH_USER_PATHS = NO;
				CLANG_ANALYZER_NONNULL = YES;
				CLANG_ANALYZER_NUMBER_OBJECT_CONVERSION = YES_AGGRESSIVE;
				CLANG_CXX_LANGUAGE_STANDARD = "gnu++0x";
				CLANG_CXX_LIBRARY = "libc++";
				CLANG_ENABLE_MODULES = YES;
				CLANG_ENABLE_OBJC_ARC = YES;
				CLANG_WARN_BOOL_CONVERSION = YES;
				CLANG_WARN_CONSTANT_CONVERSION = YES;
				CLANG_WARN_DIRECT_OBJC_ISA_USAGE = YES_ERROR;
				CLANG_WARN_DOCUMENTATION_COMMENTS = YES;
				CLANG_WARN_EMPTY_BODY = YES;
				CLANG_WARN_ENUM_CONVERSION = YES;
				CLANG_WARN_INFINITE_RECURSION = YES;
				CLANG_WARN_INT_CONVERSION = YES;
				CLANG_WARN_OBJC_ROOT_CLASS = YES_ERROR;
				CLANG_WARN_SUSPICIOUS_MOVE = YES;
				CLANG_WARN_UNREACHABLE_CODE = YES;
				CLANG_WARN__DUPLICATE_METHOD_MATCH = YES;
				CODE_SIGN_IDENTITY = "-";
				COPY_PHASE_STRIP = NO;
				DEBUG_INFORMATION_FORMAT = "dwarf-with-dsym";
				ENABLE_NS_ASSERTIONS = NO;
				ENABLE_STRICT_OBJC_MSGSEND = YES;
				GCC_C_LANGUAGE_STANDARD = gnu99;
				GCC_NO_COMMON_BLOCKS = YES;
				GCC_WARN_64_TO_32_BIT_CONVERSION = YES;
				GCC_WARN_ABOUT_RETURN_TYPE = YES_ERROR;
				GCC_WARN_UNDECLARED_SELECTOR = YES;
				GCC_WARN_UNINITIALIZED_AUTOS = YES_AGGRESSIVE;
				GCC_WARN_UNUSED_FUNCTION = YES;
				GCC_WARN_UNUSED_VARIABLE = YES;
				MACOSX_DEPLOYMENT_TARGET = 10.12;
				MTL_ENABLE_DEBUG_INFO = NO;
				SDKROOT = macosx;
				SWIFT_OPTIMIZATION_LEVEL = "-Owholemodule";
			};
			name = Release;
		};
		6B3FD0141F51750900F3BF75 /* Debug */ = {
			isa = XCBuildConfiguration;
			buildSettings = {
				ASSETCATALOG_COMPILER_APPICON_NAME = AppIcon;
				COMBINE_HIDPI_IMAGES = YES;
				INFOPLIST_FILE = eee/Info.plist;
				LD_RUNPATH_SEARCH_PATHS = "$(inherited) @executable_path/../Frameworks";
				PRODUCT_BUNDLE_IDENTIFIER = test.eee;
				PRODUCT_NAME = "$(TARGET_NAME)";
				SWIFT_VERSION = 3.0;
			};
			name = Debug;
		};
		6B3FD0151F51750900F3BF75 /* Release */ = {
			isa = XCBuildConfiguration;
			buildSettings = {
				ASSETCATALOG_COMPILER_APPICON_NAME = AppIcon;
				COMBINE_HIDPI_IMAGES = YES;
				INFOPLIST_FILE = eee/Info.plist;
				LD_RUNPATH_SEARCH_PATHS = "$(inherited) @executable_path/../Frameworks";
				PRODUCT_BUNDLE_IDENTIFIER = test.eee;
				PRODUCT_NAME = "$(TARGET_NAME)";
				SWIFT_VERSION = 3.0;
			};
			name = Release;
		};
		6B3FD0171F51750900F3BF75 /* Debug */ = {
			isa = XCBuildConfiguration;
			buildSettings = {
				ALWAYS_EMBED_SWIFT_STANDARD_LIBRARIES = YES;
				BUNDLE_LOADER = "$(TEST_HOST)";
				COMBINE_HIDPI_IMAGES = YES;
				INFOPLIST_FILE = eeeTests/Info.plist;
				LD_RUNPATH_SEARCH_PATHS = "$(inherited) @executable_path/../Frameworks @loader_path/../Frameworks";
				PRODUCT_BUNDLE_IDENTIFIER = test.eeeTests;
				PRODUCT_NAME = "$(TARGET_NAME)";
				SWIFT_VERSION = 3.0;
				TEST_HOST = "$(BUILT_PRODUCTS_DIR)/eee.app/Contents/MacOS/eee";
			};
			name = Debug;
		};
		6B3FD0181F51750900F3BF75 /* Release */ = {
			isa = XCBuildConfiguration;
			buildSettings = {
				ALWAYS_EMBED_SWIFT_STANDARD_LIBRARIES = YES;
				BUNDLE_LOADER = "$(TEST_HOST)";
				COMBINE_HIDPI_IMAGES = YES;
				INFOPLIST_FILE = eeeTests/Info.plist;
				LD_RUNPATH_SEARCH_PATHS = "$(inherited) @executable_path/../Frameworks @loader_path/../Frameworks";
				PRODUCT_BUNDLE_IDENTIFIER = test.eeeTests;
				PRODUCT_NAME = "$(TARGET_NAME)";
				SWIFT_VERSION = 3.0;
				TEST_HOST = "$(BUILT_PRODUCTS_DIR)/eee.app/Contents/MacOS/eee";
			};
			name = Release;
		};
		6B3FD01A1F51750900F3BF75 /* Debug */ = {
			isa = XCBuildConfiguration;
			buildSettings = {
				ALWAYS_EMBED_SWIFT_STANDARD_LIBRARIES = YES;
				COMBINE_HIDPI_IMAGES = YES;
				INFOPLIST_FILE = eeeUITests/Info.plist;
				LD_RUNPATH_SEARCH_PATHS = "$(inherited) @executable_path/../Frameworks @loader_path/../Frameworks";
				PRODUCT_BUNDLE_IDENTIFIER = test.eeeUITests;
				PRODUCT_NAME = "$(TARGET_NAME)";
				SWIFT_VERSION = 3.0;
				TEST_TARGET_NAME = eee;
			};
			name = Debug;
		};
		6B3FD01B1F51750900F3BF75 /* Release */ = {
			isa = XCBuildConfiguration;
			buildSettings = {
				ALWAYS_EMBED_SWIFT_STANDARD_LIBRARIES = YES;
				COMBINE_HIDPI_IMAGES = YES;
				INFOPLIST_FILE = eeeUITests/Info.plist;
				LD_RUNPATH_SEARCH_PATHS = "$(inherited) @executable_path/../Frameworks @loader_path/../Frameworks";
				PRODUCT_BUNDLE_IDENTIFIER = test.eeeUITests;
				PRODUCT_NAME = "$(TARGET_NAME)";
				SWIFT_VERSION = 3.0;
				TEST_TARGET_NAME = eee;
			};
			name = Release;
		};
/* End XCBuildConfiguration section */

/* Begin XCConfigurationList section */
		6B3FCFE91F51750900F3BF75 /* Build configuration list for PBXProject "eee" */ = {
			isa = XCConfigurationList;
			buildConfigurations = (
				6B3FD0111F51750900F3BF75 /* Debug */,
				6B3FD0121F51750900F3BF75 /* Release */,
			);
			defaultConfigurationIsVisible = 0;
			defaultConfigurationName = Release;
		};
		6B3FD0131F51750900F3BF75 /* Build configuration list for PBXNativeTarget "eee" */ = {
			isa = XCConfigurationList;
			buildConfigurations = (
				6B3FD0141F51750900F3BF75 /* Debug */,
				6B3FD0151F51750900F3BF75 /* Release */,
			);
			defaultConfigurationIsVisible = 0;
		};
		6B3FD0161F51750900F3BF75 /* Build configuration list for PBXNativeTarget "eeeTests" */ = {
			isa = XCConfigurationList;
			buildConfigurations = (
				6B3FD0171F51750900F3BF75 /* Debug */,
				6B3FD0181F51750900F3BF75 /* Release */,
			);
			defaultConfigurationIsVisible = 0;
		};
		6B3FD0191F51750900F3BF75 /* Build configuration list for PBXNativeTarget "eeeUITests" */ = {
			isa = XCConfigurationList;
			buildConfigurations = (
				6B3FD01A1F51750900F3BF75 /* Debug */,
				6B3FD01B1F51750900F3BF75 /* Release */,
			);
			defaultConfigurationIsVisible = 0;
		};
/* End XCConfigurationList section */
	};
	rootObject = 6B3FCFE61F51750900F3BF75 /* Project object */;
}
